[[package]]
name = "aiohttp"
version = "3.8.4"
description = "Async http client/server framework (asyncio)"
category = "main"
optional = false
python-versions = ">=3.6"

[package.dependencies]
aiosignal = ">=1.1.2"
async-timeout = ">=4.0.0a3,<5.0"
attrs = ">=17.3.0"
charset-normalizer = ">=2.0,<4.0"
frozenlist = ">=1.1.1"
multidict = ">=4.5,<7.0"
yarl = ">=1.0,<2.0"

[package.extras]
speedups = ["aiodns", "brotli", "cchardet"]

[[package]]
name = "aiosignal"
version = "1.3.1"
description = "aiosignal: a list of registered asynchronous callbacks"
category = "main"
optional = false
python-versions = ">=3.7"

[package.dependencies]
frozenlist = ">=1.1.0"

[[package]]
name = "async-timeout"
version = "4.0.2"
description = "Timeout context manager for asyncio programs"
category = "main"
optional = false
python-versions = ">=3.6"

[[package]]
name = "attrs"
version = "22.2.0"
description = "Classes Without Boilerplate"
category = "main"
optional = false
python-versions = ">=3.6"

[package.extras]
cov = ["attrs", "coverage-enable-subprocess", "coverage[toml] (>=5.3)"]
dev = ["attrs"]
docs = ["furo", "sphinx", "myst-parser", "zope.interface", "sphinx-notfound-page", "sphinxcontrib-towncrier", "towncrier"]
tests = ["attrs", "zope.interface"]
tests-no-zope = ["hypothesis", "pympler", "pytest (>=4.3.0)", "pytest-xdist", "cloudpickle", "mypy (>=0.971,<0.990)", "pytest-mypy-plugins"]
tests_no_zope = ["hypothesis", "pympler", "pytest (>=4.3.0)", "pytest-xdist", "cloudpickle", "mypy (>=0.971,<0.990)", "pytest-mypy-plugins"]

[[package]]
name = "certifi"
version = "2022.12.7"
description = "Python package for providing Mozilla's CA Bundle."
category = "main"
optional = false
python-versions = ">=3.6"

[[package]]
name = "charset-normalizer"
version = "3.1.0"
description = "The Real First Universal Charset Detector. Open, modern and actively maintained alternative to Chardet."
category = "main"
optional = false
python-versions = ">=3.7.0"

[[package]]
name = "colorama"
version = "0.4.6"
description = "Cross-platform colored terminal text."
category = "main"
optional = false
python-versions = "!=3.0.*,!=3.1.*,!=3.2.*,!=3.3.*,!=3.4.*,!=3.5.*,!=3.6.*,>=2.7"

[[package]]
name = "datasets"
version = "2.11.0"
description = "HuggingFace community-driven open-source library of datasets"
category = "main"
optional = false
python-versions = ">=3.7.0"

[package.dependencies]
aiohttp = "*"
dill = ">=0.3.0,<0.3.7"
fsspec = {version = ">=2021.11.1", extras = ["http"]}
huggingface-hub = ">=0.11.0,<1.0.0"
multiprocess = "*"
numpy = ">=1.17"
packaging = "*"
pandas = "*"
pyarrow = ">=8.0.0"
pyyaml = ">=5.1"
requests = ">=2.19.0"
responses = "<0.19"
tqdm = ">=4.62.1"
xxhash = "*"

[package.extras]
dev = ["zstandard", "absl-py", "pytest", "pytest-datadir", "pytest-xdist", "elasticsearch (<8.0.0)", "faiss-cpu (>=1.6.4)", "lz4", "py7zr", "rarfile (>=4.0)", "sqlalchemy (<2.0.0)", "torch", "soundfile (>=0.12.1)", "transformers", "Pillow (>=6.2.1)", "librosa", "black (>=23.1,<24.0)", "ruff (>=0.0.241)", "pyyaml (>=5.3.1)", "s3fs", "apache-beam (>=2.26.0,<2.44.0)", "s3fs (>=2021.11.1)", "tiktoken", "tensorflow (>=2.3,!=2.6.0,!=2.6.1)", "tensorflow-macos"]
apache-beam = ["apache-beam (>=2.26.0,<2.44.0)"]
audio = ["soundfile (>=0.12.1)", "librosa"]
benchmarks = ["numpy (==1.18.5)", "tensorflow (==2.3.0)", "torch (==1.7.1)", "transformers (==3.0.2)", "protobuf (==3.20.3)"]
docs = ["s3fs"]
jax = ["jax (>=0.2.8,!=0.3.2,<=0.3.25)", "jaxlib (>=0.1.65,<=0.3.25)"]
metrics-tests = ["bert-score (>=0.3.6)", "jiwer", "langdetect", "mauve-text", "nltk", "rouge-score", "sacrebleu", "sacremoses", "scikit-learn", "scipy", "sentencepiece", "seqeval", "spacy (>=3.0.0)", "tldextract", "toml (>=0.10.1)", "typer (<0.5.0)", "requests-file (>=1.5.1)", "tldextract (>=3.1.0)", "texttable (>=1.6.3)", "Werkzeug (>=1.0.1)", "six (>=1.15.0,<1.16.0)"]
quality = ["black (>=23.1,<24.0)", "ruff (>=0.0.241)", "pyyaml (>=5.3.1)"]
s3 = ["s3fs"]
tensorflow = ["tensorflow (>=2.2.0,!=2.6.0,!=2.6.1)", "tensorflow-macos"]
tensorflow_gpu = ["tensorflow-gpu (>=2.2.0,!=2.6.0,!=2.6.1)"]
tests = ["absl-py", "pytest", "pytest-datadir", "pytest-xdist", "elasticsearch (<8.0.0)", "faiss-cpu (>=1.6.4)", "lz4", "py7zr", "rarfile (>=4.0)", "sqlalchemy (<2.0.0)", "torch", "soundfile (>=0.12.1)", "transformers", "zstandard", "Pillow (>=6.2.1)", "librosa", "apache-beam (>=2.26.0,<2.44.0)", "s3fs (>=2021.11.1)", "tiktoken", "tensorflow (>=2.3,!=2.6.0,!=2.6.1)", "tensorflow-macos"]
torch = ["torch"]
vision = ["Pillow (>=6.2.1)"]

[[package]]
name = "dill"
version = "0.3.6"
description = "serialize all of python"
category = "main"
optional = false
python-versions = ">=3.7"

[package.extras]
graph = ["objgraph (>=1.7.2)"]

[[package]]
name = "filelock"
version = "3.10.7"
description = "A platform independent file lock."
category = "main"
optional = false
python-versions = ">=3.7"

[package.extras]
docs = ["furo (>=2022.12.7)", "sphinx-autodoc-typehints (>=1.22,!=1.23.4)", "sphinx (>=6.1.3)"]
testing = ["covdefaults (>=2.3)", "coverage (>=7.2.2)", "diff-cover (>=7.5)", "pytest-cov (>=4)", "pytest-mock (>=3.10)", "pytest-timeout (>=2.1)", "pytest (>=7.2.2)"]

[[package]]
name = "frozenlist"
version = "1.3.3"
description = "A list-like structure which implements collections.abc.MutableSequence"
category = "main"
optional = false
python-versions = ">=3.7"

[[package]]
name = "fsspec"
version = "2023.3.0"
description = "File-system specification"
category = "main"
optional = false
python-versions = ">=3.8"

[package.dependencies]
aiohttp = {version = "<4.0.0a0 || >4.0.0a0,<4.0.0a1 || >4.0.0a1", optional = true, markers = "extra == \"http\""}
requests = {version = "*", optional = true, markers = "extra == \"http\""}

[package.extras]
abfs = ["adlfs"]
adl = ["adlfs"]
arrow = ["pyarrow (>=1)"]
dask = ["dask", "distributed"]
dropbox = ["dropboxdrivefs", "requests", "dropbox"]
fuse = ["fusepy"]
gcs = ["gcsfs"]
git = ["pygit2"]
github = ["requests"]
gs = ["gcsfs"]
gui = ["panel"]
hdfs = ["pyarrow (>=1)"]
http = ["requests", "aiohttp (!=4.0.0a0,!=4.0.0a1)"]
libarchive = ["libarchive-c"]
oci = ["ocifs"]
s3 = ["s3fs"]
sftp = ["paramiko"]
smb = ["smbprotocol"]
ssh = ["paramiko"]
tqdm = ["tqdm"]

[[package]]
name = "huggingface-hub"
version = "0.13.3"
description = "Client library to download and publish models, datasets and other repos on the huggingface.co hub"
category = "main"
optional = false
python-versions = ">=3.7.0"

[package.dependencies]
filelock = "*"
packaging = ">=20.9"
pyyaml = ">=5.1"
requests = "*"
tqdm = ">=4.42.1"
typing-extensions = ">=3.7.4.3"

[package.extras]
all = ["InquirerPy (==0.3.4)", "jedi", "jinja2", "pytest", "pytest-cov", "pytest-env", "pytest-xdist", "soundfile", "pillow", "black (>=23.1,<24.0)", "ruff (>=0.0.241)", "mypy (==0.982)", "types-pyyaml", "types-requests", "types-simplejson", "types-toml", "types-tqdm", "types-urllib3"]
cli = ["InquirerPy (==0.3.4)"]
dev = ["InquirerPy (==0.3.4)", "jedi", "jinja2", "pytest", "pytest-cov", "pytest-env", "pytest-xdist", "soundfile", "pillow", "black (>=23.1,<24.0)", "ruff (>=0.0.241)", "mypy (==0.982)", "types-pyyaml", "types-requests", "types-simplejson", "types-toml", "types-tqdm", "types-urllib3"]
fastai = ["toml", "fastai (>=2.4)", "fastcore (>=1.3.27)"]
quality = ["black (>=23.1,<24.0)", "ruff (>=0.0.241)", "mypy (==0.982)"]
tensorflow = ["tensorflow", "pydot", "graphviz"]
testing = ["InquirerPy (==0.3.4)", "jedi", "jinja2", "pytest", "pytest-cov", "pytest-env", "pytest-xdist", "soundfile", "pillow"]
torch = ["torch"]
typing = ["types-pyyaml", "types-requests", "types-simplejson", "types-toml", "types-tqdm", "types-urllib3"]

[[package]]
name = "idna"
version = "3.4"
description = "Internationalized Domain Names in Applications (IDNA)"
category = "main"
optional = false
python-versions = ">=3.5"

[[package]]
name = "multidict"
version = "6.0.4"
description = "multidict implementation"
category = "main"
optional = false
python-versions = ">=3.7"

[[package]]
name = "multiprocess"
version = "0.70.14"
description = "better multiprocessing and multithreading in python"
category = "main"
optional = false
python-versions = ">=3.7"

[package.dependencies]
dill = ">=0.3.6"

[[package]]
name = "numpy"
version = "1.24.2"
description = "Fundamental package for array computing in Python"
category = "main"
optional = false
python-versions = ">=3.8"

[[package]]
name = "packaging"
version = "23.0"
description = "Core utilities for Python packages"
category = "main"
optional = false
python-versions = ">=3.7"

[[package]]
name = "pandas"
version = "1.5.3"
description = "Powerful data structures for data analysis, time series, and statistics"
category = "main"
optional = false
python-versions = ">=3.8"

[package.dependencies]
numpy = [
    {version = ">=1.20.3", markers = "python_version < \"3.10\""},
    {version = ">=1.21.0", markers = "python_version >= \"3.10\""},
    {version = ">=1.23.2", markers = "python_version >= \"3.11\""},
]
python-dateutil = ">=2.8.1"
pytz = ">=2020.1"

[package.extras]
test = ["hypothesis (>=5.5.3)", "pytest (>=6.0)", "pytest-xdist (>=1.31)"]

[[package]]
name = "pyarrow"
version = "11.0.0"
description = "Python library for Apache Arrow"
category = "main"
optional = false
python-versions = ">=3.7"

[package.dependencies]
numpy = ">=1.16.6"

[[package]]
name = "python-dateutil"
version = "2.8.2"
description = "Extensions to the standard Python datetime module"
category = "main"
optional = false
python-versions = "!=3.0.*,!=3.1.*,!=3.2.*,>=2.7"

[package.dependencies]
six = ">=1.5"

[[package]]
name = "pytz"
version = "2023.3"
description = "World timezone definitions, modern and historical"
category = "main"
optional = false
python-versions = "*"

[[package]]
name = "pyyaml"
version = "6.0"
description = "YAML parser and emitter for Python"
category = "main"
optional = false
python-versions = ">=3.6"

[[package]]
name = "regex"
version = "2023.3.23"
description = "Alternative regular expression module, to replace re."
category = "main"
optional = false
python-versions = ">=3.8"

[[package]]
name = "requests"
version = "2.28.2"
description = "Python HTTP for Humans."
category = "main"
optional = false
python-versions = ">=3.7, <4"

[package.dependencies]
certifi = ">=2017.4.17"
charset-normalizer = ">=2,<4"
idna = ">=2.5,<4"
urllib3 = ">=1.21.1,<1.27"

[package.extras]
socks = ["PySocks (>=1.5.6,!=1.5.7)"]
use_chardet_on_py3 = ["chardet (>=3.0.2,<6)"]

[[package]]
name = "responses"
version = "0.18.0"
description = "A utility library for mocking out the `requests` Python library."
category = "main"
optional = false
python-versions = ">=3.7"

[package.dependencies]
requests = ">=2.0,<3.0"
urllib3 = ">=1.25.10"

[package.extras]
tests = ["pytest (>=4.6)", "coverage (>=6.0.0)", "pytest-cov", "pytest-localserver", "flake8", "types-mock", "types-requests", "mypy"]

[[package]]
name = "six"
version = "1.16.0"
description = "Python 2 and 3 compatibility utilities"
category = "main"
optional = false
python-versions = ">=2.7, !=3.0.*, !=3.1.*, !=3.2.*"

[[package]]
name = "tokenizers"
version = "0.13.2"
description = "Fast and Customizable Tokenizers"
category = "main"
optional = false
python-versions = "*"

[package.extras]
dev = ["pytest", "requests", "numpy", "datasets", "black (==22.3)"]
docs = ["sphinx", "sphinx-rtd-theme", "setuptools-rust"]
testing = ["pytest", "requests", "numpy", "datasets", "black (==22.3)"]

[[package]]
name = "tqdm"
version = "4.65.0"
description = "Fast, Extensible Progress Meter"
category = "main"
optional = false
python-versions = ">=3.7"

[package.dependencies]
colorama = {version = "*", markers = "platform_system == \"Windows\""}

[package.extras]
dev = ["py-make (>=0.1.0)", "twine", "wheel"]
notebook = ["ipywidgets (>=6)"]
slack = ["slack-sdk"]
telegram = ["requests"]

[[package]]
name = "transformers"
version = "4.27.4"
description = "State-of-the-art Machine Learning for JAX, PyTorch and TensorFlow"
category = "main"
optional = false
python-versions = ">=3.7.0"

[package.dependencies]
filelock = "*"
huggingface-hub = ">=0.11.0,<1.0"
numpy = ">=1.17"
packaging = ">=20.0"
pyyaml = ">=5.1"
regex = "!=2019.12.17"
requests = "*"
tokenizers = ">=0.11.1,<0.11.3 || >0.11.3,<0.14"
tqdm = ">=4.27"

[package.extras]
accelerate = ["accelerate (>=0.10.0)"]
all = ["tensorflow (>=2.4,<2.12)", "onnxconverter-common", "tf2onnx", "tensorflow-text", "keras-nlp (>=0.3.1)", "torch (>=1.7,!=1.12.0)", "jax (>=0.2.8,!=0.3.2,<=0.3.6)", "jaxlib (>=0.1.65,<=0.3.6)", "flax (>=0.4.1)", "optax (>=0.0.8)", "sentencepiece (>=0.1.91,!=0.1.92)", "protobuf (<=3.20.2)", "tokenizers (>=0.11.1,!=0.11.3,<0.14)", "torchaudio", "librosa", "pyctcdecode (>=0.4.0)", "phonemizer", "kenlm", "pillow", "optuna", "ray", "sigopt", "timm", "torchvision", "codecarbon (==1.2.0)", "accelerate (>=0.10.0)", "decord (==0.6.0)", "av (==9.2.0)"]
audio = ["librosa", "pyctcdecode (>=0.4.0)", "phonemizer", "kenlm"]
codecarbon = ["codecarbon (==1.2.0)"]
deepspeed = ["deepspeed (>=0.6.5)", "accelerate (>=0.10.0)"]
deepspeed-testing = ["deepspeed (>=0.6.5)", "accelerate (>=0.10.0)", "pytest", "pytest-xdist", "timeout-decorator", "parameterized", "psutil", "datasets (!=2.5.0)", "dill (<0.3.5)", "evaluate (>=0.2.0)", "pytest-timeout", "black (>=23.1,<24.0)", "sacrebleu (>=1.4.12,<2.0.0)", "rouge-score (!=0.0.7,!=0.0.8,!=0.1,!=0.1.1)", "nltk", "GitPython (<3.1.19)", "hf-doc-builder (>=0.3.0)", "protobuf (<=3.20.2)", "sacremoses", "rjieba", "safetensors (>=0.2.1)", "beautifulsoup4", "faiss-cpu", "cookiecutter (==1.7.3)", "optuna", "sentencepiece (>=0.1.91,!=0.1.92)"]
dev = ["tensorflow (>=2.4,<2.12)", "onnxconverter-common", "tf2onnx", "tensorflow-text", "keras-nlp (>=0.3.1)", "torch (>=1.7,!=1.12.0)", "jax (>=0.2.8,!=0.3.2,<=0.3.6)", "jaxlib (>=0.1.65,<=0.3.6)", "flax (>=0.4.1)", "optax (>=0.0.8)", "sentencepiece (>=0.1.91,!=0.1.92)", "protobuf (<=3.20.2)", "tokenizers (>=0.11.1,!=0.11.3,<0.14)", "torchaudio", "librosa", "pyctcdecode (>=0.4.0)", "phonemizer", "kenlm", "pillow", "optuna", "ray", "sigopt", "timm", "torchvision", "codecarbon (==1.2.0)", "accelerate (>=0.10.0)", "decord (==0.6.0)", "av (==9.2.0)", "pytest", "pytest-xdist", "timeout-decorator", "parameterized", "psutil", "datasets (!=2.5.0)", "dill (<0.3.5)", "evaluate (>=0.2.0)", "pytest-timeout", "black (>=23.1,<24.0)", "sacrebleu (>=1.4.12,<2.0.0)", "rouge-score (!=0.0.7,!=0.0.8,!=0.1,!=0.1.1)", "nltk", "GitPython (<3.1.19)", "hf-doc-builder (>=0.3.0)", "sacremoses", "rjieba", "safetensors (>=0.2.1)", "beautifulsoup4", "faiss-cpu", "cookiecutter (==1.7.3)", "isort (>=5.5.4)", "ruff (>=0.0.241)", "fugashi (>=1.0)", "ipadic (>=1.0.0,<2.0)", "unidic-lite (>=1.0.7)", "unidic (>=1.0.2)", "sudachipy (>=0.6.6)", "sudachidict-core (>=20220729)", "rhoknp (>=1.1.0)", "hf-doc-builder", "scikit-learn"]
dev-tensorflow = ["pytest", "pytest-xdist", "timeout-decorator", "parameterized", "psutil", "datasets (!=2.5.0)", "dill (<0.3.5)", "evaluate (>=0.2.0)", "pytest-timeout", "black (>=23.1,<24.0)", "sacrebleu (>=1.4.12,<2.0.0)", "rouge-score (!=0.0.7,!=0.0.8,!=0.1,!=0.1.1)", "nltk", "GitPython (<3.1.19)", "hf-doc-builder (>=0.3.0)", "protobuf (<=3.20.2)", "sacremoses", "rjieba", "safetensors (>=0.2.1)", "beautifulsoup4", "faiss-cpu", "cookiecutter (==1.7.3)", "tensorflow (>=2.4,<2.12)", "onnxconverter-common", "tf2onnx", "tensorflow-text", "keras-nlp (>=0.3.1)", "sentencepiece (>=0.1.91,!=0.1.92)", "tokenizers (>=0.11.1,!=0.11.3,<0.14)", "pillow", "isort (>=5.5.4)", "ruff (>=0.0.241)", "hf-doc-builder", "scikit-learn", "onnxruntime (>=1.4.0)", "onnxruntime-tools (>=1.4.2)", "librosa", "pyctcdecode (>=0.4.0)", "phonemizer", "kenlm"]
dev-torch = ["pytest", "pytest-xdist", "timeout-decorator", "parameterized", "psutil", "datasets (!=2.5.0)", "dill (<0.3.5)", "evaluate (>=0.2.0)", "pytest-timeout", "black (>=23.1,<24.0)", "sacrebleu (>=1.4.12,<2.0.0)", "rouge-score (!=0.0.7,!=0.0.8,!=0.1,!=0.1.1)", "nltk", "GitPython (<3.1.19)", "hf-doc-builder (>=0.3.0)", "protobuf (<=3.20.2)", "sacremoses", "rjieba", "safetensors (>=0.2.1)", "beautifulsoup4", "faiss-cpu", "cookiecutter (==1.7.3)", "torch (>=1.7,!=1.12.0)", "sentencepiece (>=0.1.91,!=0.1.92)", "tokenizers (>=0.11.1,!=0.11.3,<0.14)", "torchaudio", "librosa", "pyctcdecode (>=0.4.0)", "phonemizer", "kenlm", "pillow", "optuna", "ray", "sigopt", "timm", "torchvision", "codecarbon (==1.2.0)", "isort (>=5.5.4)", "ruff (>=0.0.241)", "fugashi (>=1.0)", "ipadic (>=1.0.0,<2.0)", "unidic-lite (>=1.0.7)", "unidic (>=1.0.2)", "sudachipy (>=0.6.6)", "sudachidict-core (>=20220729)", "rhoknp (>=1.1.0)", "hf-doc-builder", "scikit-learn", "onnxruntime (>=1.4.0)", "onnxruntime-tools (>=1.4.2)"]
docs = ["tensorflow (>=2.4,<2.12)", "onnxconverter-common", "tf2onnx", "tensorflow-text", "keras-nlp (>=0.3.1)", "torch (>=1.7,!=1.12.0)", "jax (>=0.2.8,!=0.3.2,<=0.3.6)", "jaxlib (>=0.1.65,<=0.3.6)", "flax (>=0.4.1)", "optax (>=0.0.8)", "sentencepiece (>=0.1.91,!=0.1.92)", "protobuf (<=3.20.2)", "tokenizers (>=0.11.1,!=0.11.3,<0.14)", "torchaudio", "librosa", "pyctcdecode (>=0.4.0)", "phonemizer", "kenlm", "pillow", "optuna", "ray", "sigopt", "timm", "torchvision", "codecarbon (==1.2.0)", "accelerate (>=0.10.0)", "decord (==0.6.0)", "av (==9.2.0)", "hf-doc-builder"]
docs_specific = ["hf-doc-builder"]
fairscale = ["fairscale (>0.3)"]
flax = ["jax (>=0.2.8,!=0.3.2,<=0.3.6)", "jaxlib (>=0.1.65,<=0.3.6)", "flax (>=0.4.1)", "optax (>=0.0.8)"]
flax-speech = ["librosa", "pyctcdecode (>=0.4.0)", "phonemizer", "kenlm"]
ftfy = ["ftfy"]
integrations = ["optuna", "ray", "sigopt"]
ja = ["fugashi (>=1.0)", "ipadic (>=1.0.0,<2.0)", "unidic-lite (>=1.0.7)", "unidic (>=1.0.2)", "sudachipy (>=0.6.6)", "sudachidict-core (>=20220729)", "rhoknp (>=1.1.0)"]
modelcreation = ["cookiecutter (==1.7.3)"]
natten = ["natten (>=0.14.4)"]
onnx = ["onnxconverter-common", "tf2onnx", "onnxruntime (>=1.4.0)", "onnxruntime-tools (>=1.4.2)"]
onnxruntime = ["onnxruntime (>=1.4.0)", "onnxruntime-tools (>=1.4.2)"]
optuna = ["optuna"]
quality = ["black (>=23.1,<24.0)", "datasets (!=2.5.0)", "isort (>=5.5.4)", "ruff (>=0.0.241)", "GitPython (<3.1.19)", "hf-doc-builder (>=0.3.0)"]
ray = ["ray"]
retrieval = ["faiss-cpu", "datasets (!=2.5.0)"]
sagemaker = ["sagemaker (>=2.31.0)"]
sentencepiece = ["sentencepiece (>=0.1.91,!=0.1.92)", "protobuf (<=3.20.2)"]
serving = ["pydantic", "uvicorn", "fastapi", "starlette"]
sigopt = ["sigopt"]
sklearn = ["scikit-learn"]
speech = ["torchaudio", "librosa", "pyctcdecode (>=0.4.0)", "phonemizer", "kenlm"]
testing = ["pytest", "pytest-xdist", "timeout-decorator", "parameterized", "psutil", "datasets (!=2.5.0)", "dill (<0.3.5)", "evaluate (>=0.2.0)", "pytest-timeout", "black (>=23.1,<24.0)", "sacrebleu (>=1.4.12,<2.0.0)", "rouge-score (!=0.0.7,!=0.0.8,!=0.1,!=0.1.1)", "nltk", "GitPython (<3.1.19)", "hf-doc-builder (>=0.3.0)", "protobuf (<=3.20.2)", "sacremoses", "rjieba", "safetensors (>=0.2.1)", "beautifulsoup4", "faiss-cpu", "cookiecutter (==1.7.3)"]
tf = ["tensorflow (>=2.4,<2.12)", "onnxconverter-common", "tf2onnx", "tensorflow-text", "keras-nlp (>=0.3.1)"]
tf-cpu = ["tensorflow-cpu (>=2.4,<2.12)", "onnxconverter-common", "tf2onnx", "tensorflow-text", "keras-nlp (>=0.3.1)"]
tf-speech = ["librosa", "pyctcdecode (>=0.4.0)", "phonemizer", "kenlm"]
timm = ["timm"]
tokenizers = ["tokenizers (>=0.11.1,!=0.11.3,<0.14)"]
torch = ["torch (>=1.7,!=1.12.0)"]
torch-speech = ["torchaudio", "librosa", "pyctcdecode (>=0.4.0)", "phonemizer", "kenlm"]
torch-vision = ["torchvision", "pillow"]
torchhub = ["filelock", "huggingface-hub (>=0.11.0,<1.0)", "importlib-metadata", "numpy (>=1.17)", "packaging (>=20.0)", "protobuf (<=3.20.2)", "regex (!=2019.12.17)", "requests", "sentencepiece (>=0.1.91,!=0.1.92)", "torch (>=1.7,!=1.12.0)", "tokenizers (>=0.11.1,!=0.11.3,<0.14)", "tqdm (>=4.27)"]
video = ["decord (==0.6.0)", "av (==9.2.0)"]
vision = ["pillow"]

[[package]]
name = "typing-extensions"
version = "4.5.0"
description = "Backported and Experimental Type Hints for Python 3.7+"
category = "main"
optional = false
python-versions = ">=3.7"

[[package]]
name = "urllib3"
version = "1.26.15"
description = "HTTP library with thread-safe connection pooling, file post, and more."
category = "main"
optional = false
python-versions = ">=2.7, !=3.0.*, !=3.1.*, !=3.2.*, !=3.3.*, !=3.4.*, !=3.5.*"

[package.extras]
brotli = ["brotlicffi (>=0.8.0)", "brotli (>=1.0.9)", "brotlipy (>=0.6.0)"]
secure = ["pyOpenSSL (>=0.14)", "cryptography (>=1.3.4)", "idna (>=2.0.0)", "certifi", "urllib3-secure-extra", "ipaddress"]
socks = ["PySocks (>=1.5.6,!=1.5.7,<2.0)"]

[[package]]
name = "xxhash"
version = "3.2.0"
description = "Python binding for xxHash"
category = "main"
optional = false
python-versions = ">=3.6"

[[package]]
name = "yarl"
version = "1.8.2"
description = "Yet another URL library"
category = "main"
optional = false
python-versions = ">=3.7"

[package.dependencies]
idna = ">=2.0"
multidict = ">=4.0"

[metadata]
lock-version = "1.1"
python-versions = "^3.8"
content-hash = "94d7d4707f236f7e574a8e1b4eb073b53d697f073e6ecd45cef4d486e2158287"

[metadata.files]
aiohttp = []
aiosignal = []
async-timeout = []
attrs = []
certifi = []
charset-normalizer = []
colorama = []
datasets = []
dill = []
filelock = []
frozenlist = []
fsspec = []
huggingface-hub = []
idna = []
multidict = []
multiprocess = []
numpy = []
packaging = []
pandas = []
pyarrow = []
python-dateutil = []
pytz = []
pyyaml = []
regex = []
requests = []
responses = []
six = []
tokenizers = []
tqdm = []
transformers = []
typing-extensions = []
urllib3 = []
xxhash = []
yarl = []
